
Microsoft Visual Studio Solution File, Format Version 12.00
# Visual Studio 15
VisualStudioVersion = 15.0.27703.2042
MinimumVisualStudioVersion = 10.0.40219.1
Project("{FAE04EC0-301F-11D3-BF4B-00C04F79EFBC}") = "Race", "hw12\Race.csproj", "{6450CE7C-7995-44FB-956D-50724D221718}"
EndProject
Project("{FAE04EC0-301F-11D3-BF4B-00C04F79EFBC}") = "Race.Models", "Race.Models\Race.Models.csproj", "{6377517F-D27C-43DC-B2F6-2D86FF46A2B4}"
EndProject
Project("{FAE04EC0-301F-11D3-BF4B-00C04F79EFBC}") = "Race.Models.Abstract", "Race.Models.Abstract\Race.Models.Abstract.csproj", "{46B330CF-B507-4CEE-A8FA-339A212A33CD}"
EndProject
Project("{FAE04EC0-301F-11D3-BF4B-00C04F79EFBC}") = "Race.Services", "Race.Services\Race.Services.csproj", "{31F66C5E-28BF-48AF-84A7-D87A6BE291AB}"
EndProject
Project("{FAE04EC0-301F-11D3-BF4B-00C04F79EFBC}") = "Race.Services.Abstract", "Race.Services.Abstract\Race.Services.Abstract.csproj", "{9640F49C-61E4-43CD-A1CC-D4EBC88E2D7D}"
EndProject
Global
	GlobalSection(SolutionConfigurationPlatforms) = preSolution
		Debug|Any CPU = Debug|Any CPU
		Release|Any CPU = Release|Any CPU
	EndGlobalSection
	GlobalSection(ProjectConfigurationPlatforms) = postSolution
		{6450CE7C-7995-44FB-956D-50724D221718}.Debug|Any CPU.ActiveCfg = Debug|Any CPU
		{6450CE7C-7995-44FB-956D-50724D221718}.Debug|Any CPU.Build.0 = Debug|Any CPU
		{6450CE7C-7995-44FB-956D-50724D221718}.Release|Any CPU.ActiveCfg = Release|Any CPU
		{6450CE7C-7995-44FB-956D-50724D221718}.Release|Any CPU.Build.0 = Release|Any CPU
		{6377517F-D27C-43DC-B2F6-2D86FF46A2B4}.Debug|Any CPU.ActiveCfg = Debug|Any CPU
		{6377517F-D27C-43DC-B2F6-2D86FF46A2B4}.Debug|Any CPU.Build.0 = Debug|Any CPU
		{6377517F-D27C-43DC-B2F6-2D86FF46A2B4}.Release|Any CPU.ActiveCfg = Release|Any CPU
		{6377517F-D27C-43DC-B2F6-2D86FF46A2B4}.Release|Any CPU.Build.0 = Release|Any CPU
		{46B330CF-B507-4CEE-A8FA-339A212A33CD}.Debug|Any CPU.ActiveCfg = Debug|Any CPU
		{46B330CF-B507-4CEE-A8FA-339A212A33CD}.Debug|Any CPU.Build.0 = Debug|Any CPU
		{46B330CF-B507-4CEE-A8FA-339A212A33CD}.Release|Any CPU.ActiveCfg = Release|Any CPU
		{46B330CF-B507-4CEE-A8FA-339A212A33CD}.Release|Any CPU.Build.0 = Release|Any CPU
		{31F66C5E-28BF-48AF-84A7-D87A6BE291AB}.Debug|Any CPU.ActiveCfg = Debug|Any CPU
		{31F66C5E-28BF-48AF-84A7-D87A6BE291AB}.Debug|Any CPU.Build.0 = Debug|Any CPU
		{31F66C5E-28BF-48AF-84A7-D87A6BE291AB}.Release|Any CPU.ActiveCfg = Release|Any CPU
		{31F66C5E-28BF-48AF-84A7-D87A6BE291AB}.Release|Any CPU.Build.0 = Release|Any CPU
		{9640F49C-61E4-43CD-A1CC-D4EBC88E2D7D}.Debug|Any CPU.ActiveCfg = Debug|Any CPU
		{9640F49C-61E4-43CD-A1CC-D4EBC88E2D7D}.Debug|Any CPU.Build.0 = Debug|Any CPU
		{9640F49C-61E4-43CD-A1CC-D4EBC88E2D7D}.Release|Any CPU.ActiveCfg = Release|Any CPU
		{9640F49C-61E4-43CD-A1CC-D4EBC88E2D7D}.Release|Any CPU.Build.0 = Release|Any CPU
	EndGlobalSection
	GlobalSection(SolutionProperties) = preSolution
		HideSolutionNode = FALSE
	EndGlobalSection
	GlobalSection(ExtensibilityGlobals) = postSolution
		SolutionGuid = {78F5A8EB-02AB-46BC-9D01-6FE81E606F71}
	EndGlobalSection
EndGlobal
